
Microsoft Visual Studio Solution File, Format Version 12.00
# Visual Studio 15
VisualStudioVersion = 15.0.27130.2010
MinimumVisualStudioVersion = 10.0.40219.1
Project("{FAE04EC0-301F-11D3-BF4B-00C04F79EFBC}") = "Softwarehouse", "Softwarehouse\Softwarehouse.csproj", "{505B689C-B9F0-453F-8C9A-0FE5C241134B}"
EndProject
Project("{FAE04EC0-301F-11D3-BF4B-00C04F79EFBC}") = "Business", "Business\Business.csproj", "{0A8F5A39-4359-429F-8D09-205DD4631270}"
EndProject
Project("{FAE04EC0-301F-11D3-BF4B-00C04F79EFBC}") = "ObjectCollection", "ObjectCollection\ObjectCollection.csproj", "{8B8CCBDB-299F-4532-9528-90505C73EF33}"
EndProject
Project("{00D1A9C2-B5F0-4AF3-8072-F6C62B433612}") = "SoftwarehouseDatabase", "SoftwarehouseDatabase\SoftwarehouseDatabase.sqlproj", "{6000E1F7-AA07-4599-A079-7913CC24E2E5}"
EndProject
Project("{FAE04EC0-301F-11D3-BF4B-00C04F79EFBC}") = "Softwarehouse_Vip", "Softwarehouse_Vip\Softwarehouse_Vip.csproj", "{203BA27E-098B-44BD-B650-AD3CA87E035E}"
EndProject
Project("{FAE04EC0-301F-11D3-BF4B-00C04F79EFBC}") = "Softwarehouse_BackEnd", "Softwarehouse_BackEnd\Softwarehouse_BackEnd.csproj", "{737A14E6-102C-402B-99CF-9D4E152004F1}"
EndProject
Project("{FAE04EC0-301F-11D3-BF4B-00C04F79EFBC}") = "Security", "Security\Security.csproj", "{D39785F0-9F20-4154-A5DB-75A43919D4AC}"
EndProject
Project("{FAE04EC0-301F-11D3-BF4B-00C04F79EFBC}") = "Common", "Common\Common.csproj", "{D5564DB3-29B9-4642-9D66-59253A368B25}"
EndProject
Global
	GlobalSection(SolutionConfigurationPlatforms) = preSolution
		Debug|Any CPU = Debug|Any CPU
		Release|Any CPU = Release|Any CPU
	EndGlobalSection
	GlobalSection(ProjectConfigurationPlatforms) = postSolution
		{505B689C-B9F0-453F-8C9A-0FE5C241134B}.Debug|Any CPU.ActiveCfg = Debug|Any CPU
		{505B689C-B9F0-453F-8C9A-0FE5C241134B}.Debug|Any CPU.Build.0 = Debug|Any CPU
		{505B689C-B9F0-453F-8C9A-0FE5C241134B}.Release|Any CPU.ActiveCfg = Release|Any CPU
		{505B689C-B9F0-453F-8C9A-0FE5C241134B}.Release|Any CPU.Build.0 = Release|Any CPU
		{0A8F5A39-4359-429F-8D09-205DD4631270}.Debug|Any CPU.ActiveCfg = Debug|Any CPU
		{0A8F5A39-4359-429F-8D09-205DD4631270}.Debug|Any CPU.Build.0 = Debug|Any CPU
		{0A8F5A39-4359-429F-8D09-205DD4631270}.Release|Any CPU.ActiveCfg = Release|Any CPU
		{0A8F5A39-4359-429F-8D09-205DD4631270}.Release|Any CPU.Build.0 = Release|Any CPU
		{8B8CCBDB-299F-4532-9528-90505C73EF33}.Debug|Any CPU.ActiveCfg = Debug|Any CPU
		{8B8CCBDB-299F-4532-9528-90505C73EF33}.Debug|Any CPU.Build.0 = Debug|Any CPU
		{8B8CCBDB-299F-4532-9528-90505C73EF33}.Release|Any CPU.ActiveCfg = Release|Any CPU
		{8B8CCBDB-299F-4532-9528-90505C73EF33}.Release|Any CPU.Build.0 = Release|Any CPU
		{6000E1F7-AA07-4599-A079-7913CC24E2E5}.Debug|Any CPU.ActiveCfg = Debug|Any CPU
		{6000E1F7-AA07-4599-A079-7913CC24E2E5}.Debug|Any CPU.Build.0 = Debug|Any CPU
		{6000E1F7-AA07-4599-A079-7913CC24E2E5}.Debug|Any CPU.Deploy.0 = Debug|Any CPU
		{6000E1F7-AA07-4599-A079-7913CC24E2E5}.Release|Any CPU.ActiveCfg = Release|Any CPU
		{6000E1F7-AA07-4599-A079-7913CC24E2E5}.Release|Any CPU.Build.0 = Release|Any CPU
		{6000E1F7-AA07-4599-A079-7913CC24E2E5}.Release|Any CPU.Deploy.0 = Release|Any CPU
		{203BA27E-098B-44BD-B650-AD3CA87E035E}.Debug|Any CPU.ActiveCfg = Debug|Any CPU
		{203BA27E-098B-44BD-B650-AD3CA87E035E}.Debug|Any CPU.Build.0 = Debug|Any CPU
		{203BA27E-098B-44BD-B650-AD3CA87E035E}.Release|Any CPU.ActiveCfg = Release|Any CPU
		{203BA27E-098B-44BD-B650-AD3CA87E035E}.Release|Any CPU.Build.0 = Release|Any CPU
		{737A14E6-102C-402B-99CF-9D4E152004F1}.Debug|Any CPU.ActiveCfg = Debug|Any CPU
		{737A14E6-102C-402B-99CF-9D4E152004F1}.Debug|Any CPU.Build.0 = Debug|Any CPU
		{737A14E6-102C-402B-99CF-9D4E152004F1}.Release|Any CPU.ActiveCfg = Release|Any CPU
		{737A14E6-102C-402B-99CF-9D4E152004F1}.Release|Any CPU.Build.0 = Release|Any CPU
		{D39785F0-9F20-4154-A5DB-75A43919D4AC}.Debug|Any CPU.ActiveCfg = Debug|Any CPU
		{D39785F0-9F20-4154-A5DB-75A43919D4AC}.Debug|Any CPU.Build.0 = Debug|Any CPU
		{D39785F0-9F20-4154-A5DB-75A43919D4AC}.Release|Any CPU.ActiveCfg = Release|Any CPU
		{D39785F0-9F20-4154-A5DB-75A43919D4AC}.Release|Any CPU.Build.0 = Release|Any CPU
		{D5564DB3-29B9-4642-9D66-59253A368B25}.Debug|Any CPU.ActiveCfg = Debug|Any CPU
		{D5564DB3-29B9-4642-9D66-59253A368B25}.Debug|Any CPU.Build.0 = Debug|Any CPU
		{D5564DB3-29B9-4642-9D66-59253A368B25}.Release|Any CPU.ActiveCfg = Release|Any CPU
		{D5564DB3-29B9-4642-9D66-59253A368B25}.Release|Any CPU.Build.0 = Release|Any CPU
	EndGlobalSection
	GlobalSection(SolutionProperties) = preSolution
		HideSolutionNode = FALSE
	EndGlobalSection
	GlobalSection(ExtensibilityGlobals) = postSolution
		SolutionGuid = {3EC266A6-0AF9-42B5-A389-00445119E1C8}
	EndGlobalSection
EndGlobal
